
Microsoft Visual Studio Solution File, Format Version 12.00
# Visual Studio Version 16
VisualStudioVersion = 16.0.33214.272
MinimumVisualStudioVersion = 10.0.40219.1
Project("{FAE04EC0-301F-11D3-BF4B-00C04F79EFBC}") = "zad62.Android", "zad62.Android\zad62.Android.csproj", "{04700C03-8D77-4FD3-8CB1-86EB9984D3D8}"
EndProject
Project("{FAE04EC0-301F-11D3-BF4B-00C04F79EFBC}") = "zad62", "zad62\zad62.csproj", "{6B7DD4FD-5FAC-46EA-B380-BAC8C2982E7B}"
EndProject
Global
	GlobalSection(SolutionConfigurationPlatforms) = preSolution
		Debug|Any CPU = Debug|Any CPU
		Release|Any CPU = Release|Any CPU
	EndGlobalSection
	GlobalSection(ProjectConfigurationPlatforms) = postSolution
		{04700C03-8D77-4FD3-8CB1-86EB9984D3D8}.Debug|Any CPU.ActiveCfg = Debug|Any CPU
		{04700C03-8D77-4FD3-8CB1-86EB9984D3D8}.Debug|Any CPU.Build.0 = Debug|Any CPU
		{04700C03-8D77-4FD3-8CB1-86EB9984D3D8}.Debug|Any CPU.Deploy.0 = Debug|Any CPU
		{04700C03-8D77-4FD3-8CB1-86EB9984D3D8}.Release|Any CPU.ActiveCfg = Release|Any CPU
		{04700C03-8D77-4FD3-8CB1-86EB9984D3D8}.Release|Any CPU.Build.0 = Release|Any CPU
		{04700C03-8D77-4FD3-8CB1-86EB9984D3D8}.Release|Any CPU.Deploy.0 = Release|Any CPU
		{6B7DD4FD-5FAC-46EA-B380-BAC8C2982E7B}.Debug|Any CPU.ActiveCfg = Debug|Any CPU
		{6B7DD4FD-5FAC-46EA-B380-BAC8C2982E7B}.Debug|Any CPU.Build.0 = Debug|Any CPU
		{6B7DD4FD-5FAC-46EA-B380-BAC8C2982E7B}.Debug|Any CPU.Deploy.0 = Debug|Any CPU
		{6B7DD4FD-5FAC-46EA-B380-BAC8C2982E7B}.Release|Any CPU.ActiveCfg = Release|Any CPU
		{6B7DD4FD-5FAC-46EA-B380-BAC8C2982E7B}.Release|Any CPU.Build.0 = Release|Any CPU
		{6B7DD4FD-5FAC-46EA-B380-BAC8C2982E7B}.Release|Any CPU.Deploy.0 = Release|Any CPU
	EndGlobalSection
	GlobalSection(SolutionProperties) = preSolution
		HideSolutionNode = FALSE
	EndGlobalSection
	GlobalSection(ExtensibilityGlobals) = postSolution
		SolutionGuid = {8512FC0D-644C-47A0-B05F-DFDAEBCDB659}
	EndGlobalSection
EndGlobal
